
Microsoft Visual Studio Solution File, Format Version 11.00
# Visual Studio 2010
Project("{FAE04EC0-301F-11D3-BF4B-00C04F79EFBC}") = "Laba1", "Laba1.csproj", "{63491103-7724-498A-89DE-69C90647A373}"
EndProject
Project("{FAE04EC0-301F-11D3-BF4B-00C04F79EFBC}") = "PluginInterface", "PluginInterface\PluginInterface.csproj", "{EF6FEFED-C291-4427-8CE3-E61197EF25A1}"
EndProject
Project("{FAE04EC0-301F-11D3-BF4B-00C04F79EFBC}") = "DrawRhombus", "Figures\DrawRhombus\DrawRhombus.csproj", "{A29D3856-5908-4540-A14E-6E2F669BC1BF}"
EndProject
Project("{FAE04EC0-301F-11D3-BF4B-00C04F79EFBC}") = "DrawTriangle", "Figures\DrawTriangle\DrawTriangle.csproj", "{7EB219A2-BA30-43EF-A8F7-00AC9EAB368C}"
EndProject
Global
	GlobalSection(SolutionConfigurationPlatforms) = preSolution
		Debug|Any CPU = Debug|Any CPU
		Debug|Mixed Platforms = Debug|Mixed Platforms
		Debug|x86 = Debug|x86
		Release|Any CPU = Release|Any CPU
		Release|Mixed Platforms = Release|Mixed Platforms
		Release|x86 = Release|x86
	EndGlobalSection
	GlobalSection(ProjectConfigurationPlatforms) = postSolution
		{63491103-7724-498A-89DE-69C90647A373}.Debug|Any CPU.ActiveCfg = Debug|x86
		{63491103-7724-498A-89DE-69C90647A373}.Debug|Mixed Platforms.ActiveCfg = Debug|x86
		{63491103-7724-498A-89DE-69C90647A373}.Debug|Mixed Platforms.Build.0 = Debug|x86
		{63491103-7724-498A-89DE-69C90647A373}.Debug|x86.ActiveCfg = Debug|x86
		{63491103-7724-498A-89DE-69C90647A373}.Debug|x86.Build.0 = Debug|x86
		{63491103-7724-498A-89DE-69C90647A373}.Release|Any CPU.ActiveCfg = Release|x86
		{63491103-7724-498A-89DE-69C90647A373}.Release|Mixed Platforms.ActiveCfg = Release|x86
		{63491103-7724-498A-89DE-69C90647A373}.Release|Mixed Platforms.Build.0 = Release|x86
		{63491103-7724-498A-89DE-69C90647A373}.Release|x86.ActiveCfg = Release|x86
		{63491103-7724-498A-89DE-69C90647A373}.Release|x86.Build.0 = Release|x86
		{EF6FEFED-C291-4427-8CE3-E61197EF25A1}.Debug|Any CPU.ActiveCfg = Debug|Any CPU
		{EF6FEFED-C291-4427-8CE3-E61197EF25A1}.Debug|Any CPU.Build.0 = Debug|Any CPU
		{EF6FEFED-C291-4427-8CE3-E61197EF25A1}.Debug|Mixed Platforms.ActiveCfg = Debug|Any CPU
		{EF6FEFED-C291-4427-8CE3-E61197EF25A1}.Debug|Mixed Platforms.Build.0 = Debug|Any CPU
		{EF6FEFED-C291-4427-8CE3-E61197EF25A1}.Debug|x86.ActiveCfg = Debug|Any CPU
		{EF6FEFED-C291-4427-8CE3-E61197EF25A1}.Release|Any CPU.ActiveCfg = Release|Any CPU
		{EF6FEFED-C291-4427-8CE3-E61197EF25A1}.Release|Any CPU.Build.0 = Release|Any CPU
		{EF6FEFED-C291-4427-8CE3-E61197EF25A1}.Release|Mixed Platforms.ActiveCfg = Release|Any CPU
		{EF6FEFED-C291-4427-8CE3-E61197EF25A1}.Release|Mixed Platforms.Build.0 = Release|Any CPU
		{EF6FEFED-C291-4427-8CE3-E61197EF25A1}.Release|x86.ActiveCfg = Release|Any CPU
		{A29D3856-5908-4540-A14E-6E2F669BC1BF}.Debug|Any CPU.ActiveCfg = Debug|Any CPU
		{A29D3856-5908-4540-A14E-6E2F669BC1BF}.Debug|Any CPU.Build.0 = Debug|Any CPU
		{A29D3856-5908-4540-A14E-6E2F669BC1BF}.Debug|Mixed Platforms.ActiveCfg = Debug|Any CPU
		{A29D3856-5908-4540-A14E-6E2F669BC1BF}.Debug|Mixed Platforms.Build.0 = Debug|Any CPU
		{A29D3856-5908-4540-A14E-6E2F669BC1BF}.Debug|x86.ActiveCfg = Debug|Any CPU
		{A29D3856-5908-4540-A14E-6E2F669BC1BF}.Release|Any CPU.ActiveCfg = Release|Any CPU
		{A29D3856-5908-4540-A14E-6E2F669BC1BF}.Release|Any CPU.Build.0 = Release|Any CPU
		{A29D3856-5908-4540-A14E-6E2F669BC1BF}.Release|Mixed Platforms.ActiveCfg = Release|Any CPU
		{A29D3856-5908-4540-A14E-6E2F669BC1BF}.Release|Mixed Platforms.Build.0 = Release|Any CPU
		{A29D3856-5908-4540-A14E-6E2F669BC1BF}.Release|x86.ActiveCfg = Release|Any CPU
		{7EB219A2-BA30-43EF-A8F7-00AC9EAB368C}.Debug|Any CPU.ActiveCfg = Debug|Any CPU
		{7EB219A2-BA30-43EF-A8F7-00AC9EAB368C}.Debug|Any CPU.Build.0 = Debug|Any CPU
		{7EB219A2-BA30-43EF-A8F7-00AC9EAB368C}.Debug|Mixed Platforms.ActiveCfg = Debug|Any CPU
		{7EB219A2-BA30-43EF-A8F7-00AC9EAB368C}.Debug|Mixed Platforms.Build.0 = Debug|Any CPU
		{7EB219A2-BA30-43EF-A8F7-00AC9EAB368C}.Debug|x86.ActiveCfg = Debug|Any CPU
		{7EB219A2-BA30-43EF-A8F7-00AC9EAB368C}.Release|Any CPU.ActiveCfg = Release|Any CPU
		{7EB219A2-BA30-43EF-A8F7-00AC9EAB368C}.Release|Any CPU.Build.0 = Release|Any CPU
		{7EB219A2-BA30-43EF-A8F7-00AC9EAB368C}.Release|Mixed Platforms.ActiveCfg = Release|Any CPU
		{7EB219A2-BA30-43EF-A8F7-00AC9EAB368C}.Release|Mixed Platforms.Build.0 = Release|Any CPU
		{7EB219A2-BA30-43EF-A8F7-00AC9EAB368C}.Release|x86.ActiveCfg = Release|Any CPU
	EndGlobalSection
	GlobalSection(SolutionProperties) = preSolution
		HideSolutionNode = FALSE
	EndGlobalSection
EndGlobal
